{
  "name": "DYMER",
  "lockfileVersion": 2,
  "requires": true,
  "packages": {
    "": {
      "dependencies": {
        "flatnest": "^1.0.0"
      }
    },
    "node_modules/flatnest": {
      "version": "1.0.0",
      "resolved": "https://registry.npmjs.org/flatnest/-/flatnest-1.0.0.tgz",
      "integrity": "sha512-gZgJm7mqdtSRhfy9CDd7qlE/1z0kWhf2qtkdeHoEL31TIu+Q2K7UjifBqED6vWdNXm4A+OXDmbd0PWfWZVq/kA=="
    }
  },
  "dependencies": {
    "flatnest": {
      "version": "1.0.0",
      "resolved": "https://registry.npmjs.org/flatnest/-/flatnest-1.0.0.tgz",
      "integrity": "sha512-gZgJm7mqdtSRhfy9CDd7qlE/1z0kWhf2qtkdeHoEL31TIu+Q2K7UjifBqED6vWdNXm4A+OXDmbd0PWfWZVq/kA=="
    }
  }
}
